
Microsoft Visual Studio Solution File, Format Version 12.00
# Visual Studio Version 16
VisualStudioVersion = 16.0.32106.194
MinimumVisualStudioVersion = 10.0.40219.1
Project("{FAE04EC0-301F-11D3-BF4B-00C04F79EFBC}") = "ФорвестWhere", "ФорвестWhere\ФорвестWhere.csproj", "{092CE3C6-B400-44A5-B918-1C7DF6313340}"
EndProject
Global
	GlobalSection(SolutionConfigurationPlatforms) = preSolution
		Debug|Any CPU = Debug|Any CPU
		Release|Any CPU = Release|Any CPU
	EndGlobalSection
	GlobalSection(ProjectConfigurationPlatforms) = postSolution
		{092CE3C6-B400-44A5-B918-1C7DF6313340}.Debug|Any CPU.ActiveCfg = Debug|Any CPU
		{092CE3C6-B400-44A5-B918-1C7DF6313340}.Debug|Any CPU.Build.0 = Debug|Any CPU
		{092CE3C6-B400-44A5-B918-1C7DF6313340}.Release|Any CPU.ActiveCfg = Release|Any CPU
		{092CE3C6-B400-44A5-B918-1C7DF6313340}.Release|Any CPU.Build.0 = Release|Any CPU
	EndGlobalSection
	GlobalSection(SolutionProperties) = preSolution
		HideSolutionNode = FALSE
	EndGlobalSection
	GlobalSection(ExtensibilityGlobals) = postSolution
		SolutionGuid = {55E58166-7371-4241-8423-55DE5CDC0EC1}
	EndGlobalSection
EndGlobal
